
Microsoft Visual Studio Solution File, Format Version 12.00
# Visual Studio 15
VisualStudioVersion = 15.0.27130.2026
MinimumVisualStudioVersion = 10.0.40219.1
Project("{FAE04EC0-301F-11D3-BF4B-00C04F79EFBC}") = "UIS.Backend.Api", "UIS.Backend.Api\UIS.Backend.Api.csproj", "{419F6854-CEEF-46E0-9586-1A83F578A3A7}"
EndProject
Global
	GlobalSection(SolutionConfigurationPlatforms) = preSolution
		Debug|Any CPU = Debug|Any CPU
		Release|Any CPU = Release|Any CPU
	EndGlobalSection
	GlobalSection(ProjectConfigurationPlatforms) = postSolution
		{419F6854-CEEF-46E0-9586-1A83F578A3A7}.Debug|Any CPU.ActiveCfg = Debug|Any CPU
		{419F6854-CEEF-46E0-9586-1A83F578A3A7}.Debug|Any CPU.Build.0 = Debug|Any CPU
		{419F6854-CEEF-46E0-9586-1A83F578A3A7}.Release|Any CPU.ActiveCfg = Release|Any CPU
		{419F6854-CEEF-46E0-9586-1A83F578A3A7}.Release|Any CPU.Build.0 = Release|Any CPU
	EndGlobalSection
	GlobalSection(SolutionProperties) = preSolution
		HideSolutionNode = FALSE
	EndGlobalSection
	GlobalSection(ExtensibilityGlobals) = postSolution
		SolutionGuid = {18B01008-FBBF-49C0-9481-C6F4907F7D48}
	EndGlobalSection
EndGlobal
